// !$*UTF8*$!
{
	archiveVersion = 1;
	classes = {
	};
	objectVersion = 46;
	objects = {

/* Begin PBXBuildFile section */
		9045B0E981694AD992BC0D8B /* libPods-TwoStateButtonExample.a in Frameworks */ = {isa = PBXBuildFile; fileRef = 4C024EA258DF4618AF10B7CC /* libPods-TwoStateButtonExample.a */; };
		A6B6C00318E4E5F300DE8045 /* Foundation.framework in Frameworks */ = {isa = PBXBuildFile; fileRef = A6B6C00218E4E5F300DE8045 /* Foundation.framework */; };
		A6B6C00518E4E5F300DE8045 /* CoreGraphics.framework in Frameworks */ = {isa = PBXBuildFile; fileRef = A6B6C00418E4E5F300DE8045 /* CoreGraphics.framework */; };
		A6B6C00718E4E5F300DE8045 /* UIKit.framework in Frameworks */ = {isa = PBXBuildFile; fileRef = A6B6C00618E4E5F300DE8045 /* UIKit.framework */; };
		A6B6C00D18E4E5F300DE8045 /* InfoPlist.strings in Resources */ = {isa = PBXBuildFile; fileRef = A6B6C00B18E4E5F300DE8045 /* InfoPlist.strings */; };
		A6B6C00F18E4E5F300DE8045 /* main.m in Sources */ = {isa = PBXBuildFile; fileRef = A6B6C00E18E4E5F300DE8045 /* main.m */; };
		A6B6C01318E4E5F300DE8045 /* AppDelegate.m in Sources */ = {isa = PBXBuildFile; fileRef = A6B6C01218E4E5F300DE8045 /* AppDelegate.m */; };
		A6B6C01618E4E5F400DE8045 /* Main_iPhone.storyboard in Resources */ = {isa = PBXBuildFile; fileRef = A6B6C01418E4E5F400DE8045 /* Main_iPhone.storyboard */; };
		A6B6C01918E4E5F400DE8045 /* Main_iPad.storyboard in Resources */ = {isa = PBXBuildFile; fileRef = A6B6C01718E4E5F400DE8045 /* Main_iPad.storyboard */; };
		A6B6C01C18E4E5F400DE8045 /* ViewController.m in Sources */ = {isa = PBXBuildFile; fileRef = A6B6C01B18E4E5F400DE8045 /* ViewController.m */; };
		A6B6C01E18E4E5F400DE8045 /* Images.xcassets in Resources */ = {isa = PBXBuildFile; fileRef = A6B6C01D18E4E5F400DE8045 /* Images.xcassets */; };
		A6B6C02518E4E5F400DE8045 /* XCTest.framework in Frameworks */ = {isa = PBXBuildFile; fileRef = A6B6C02418E4E5F400DE8045 /* XCTest.framework */; };
		A6B6C02618E4E5F400DE8045 /* Foundation.framework in Frameworks */ = {isa = PBXBuildFile; fileRef = A6B6C00218E4E5F300DE8045 /* Foundation.framework */; };
		A6B6C02718E4E5F400DE8045 /* UIKit.framework in Frameworks */ = {isa = PBXBuildFile; fileRef = A6B6C00618E4E5F300DE8045 /* UIKit.framework */; };
		A6B6C02F18E4E5F400DE8045 /* InfoPlist.strings in Resources */ = {isa = PBXBuildFile; fileRef = A6B6C02D18E4E5F400DE8045 /* InfoPlist.strings */; };
		A6B6C03118E4E5F400DE8045 /* TwoStateButtonExampleTests.m in Sources */ = {isa = PBXBuildFile; fileRef = A6B6C03018E4E5F400DE8045 /* TwoStateButtonExampleTests.m */; };
/* End PBXBuildFile section */

/* Begin PBXContainerItemProxy section */
		A6B6C02818E4E5F400DE8045 /* PBXContainerItemProxy */ = {
			isa = PBXContainerItemProxy;
			containerPortal = A6B6BFF718E4E5F300DE8045 /* Project object */;
			proxyType = 1;
			remoteGlobalIDString = A6B6BFFE18E4E5F300DE8045;
			remoteInfo = TwoStateButtonExample;
		};
/* End PBXContainerItemProxy section */

/* Begin PBXFileReference section */
		4C024EA258DF4618AF10B7CC /* libPods-TwoStateButtonExample.a */ = {isa = PBXFileReference; explicitFileType = archive.ar; includeInIndex = 0; path = "libPods-TwoStateButtonExample.a"; sourceTree = BUILT_PRODUCTS_DIR; };
		A6B6BFFF18E4E5F300DE8045 /* TwoStateButtonExample.app */ = {isa = PBXFileReference; explicitFileType = wrapper.application; includeInIndex = 0; path = TwoStateButtonExample.app; sourceTree = BUILT_PRODUCTS_DIR; };
		A6B6C00218E4E5F300DE8045 /* Foundation.framework */ = {isa = PBXFileReference; lastKnownFileType = wrapper.framework; name = Foundation.framework; path = System/Library/Frameworks/Foundation.framework; sourceTree = SDKROOT; };
		A6B6C00418E4E5F300DE8045 /* CoreGraphics.framework */ = {isa = PBXFileReference; lastKnownFileType = wrapper.framework; name = CoreGraphics.framework; path = System/Library/Frameworks/CoreGraphics.framework; sourceTree = SDKROOT; };
		A6B6C00618E4E5F300DE8045 /* UIKit.framework */ = {isa = PBXFileReference; lastKnownFileType = wrapper.framework; name = UIKit.framework; path = System/Library/Frameworks/UIKit.framework; sourceTree = SDKROOT; };
		A6B6C00A18E4E5F300DE8045 /* TwoStateButtonExample-Info.plist */ = {isa = PBXFileReference; lastKnownFileType = text.plist.xml; path = "TwoStateButtonExample-Info.plist"; sourceTree = "<group>"; };
		A6B6C00C18E4E5F300DE8045 /* en */ = {isa = PBXFileReference; lastKnownFileType = text.plist.strings; name = en; path = en.lproj/InfoPlist.strings; sourceTree = "<group>"; };
		A6B6C00E18E4E5F300DE8045 /* main.m */ = {isa = PBXFileReference; lastKnownFileType = sourcecode.c.objc; path = main.m; sourceTree = "<group>"; };
		A6B6C01018E4E5F300DE8045 /* TwoStateButtonExample-Prefix.pch */ = {isa = PBXFileReference; lastKnownFileType = sourcecode.c.h; path = "TwoStateButtonExample-Prefix.pch"; sourceTree = "<group>"; };
		A6B6C01118E4E5F300DE8045 /* AppDelegate.h */ = {isa = PBXFileReference; lastKnownFileType = sourcecode.c.h; path = AppDelegate.h; sourceTree = "<group>"; };
		A6B6C01218E4E5F300DE8045 /* AppDelegate.m */ = {isa = PBXFileReference; lastKnownFileType = sourcecode.c.objc; path = AppDelegate.m; sourceTree = "<group>"; };
		A6B6C01518E4E5F400DE8045 /* Base */ = {isa = PBXFileReference; lastKnownFileType = file.storyboard; name = Base; path = Base.lproj/Main_iPhone.storyboard; sourceTree = "<group>"; };
		A6B6C01818E4E5F400DE8045 /* Base */ = {isa = PBXFileReference; lastKnownFileType = file.storyboard; name = Base; path = Base.lproj/Main_iPad.storyboard; sourceTree = "<group>"; };
		A6B6C01A18E4E5F400DE8045 /* ViewController.h */ = {isa = PBXFileReference; lastKnownFileType = sourcecode.c.h; path = ViewController.h; sourceTree = "<group>"; };
		A6B6C01B18E4E5F400DE8045 /* ViewController.m */ = {isa = PBXFileReference; lastKnownFileType = sourcecode.c.objc; path = ViewController.m; sourceTree = "<group>"; };
		A6B6C01D18E4E5F400DE8045 /* Images.xcassets */ = {isa = PBXFileReference; lastKnownFileType = folder.assetcatalog; path = Images.xcassets; sourceTree = "<group>"; };
		A6B6C02318E4E5F400DE8045 /* TwoStateButtonExampleTests.xctest */ = {isa = PBXFileReference; explicitFileType = wrapper.cfbundle; includeInIndex = 0; path = TwoStateButtonExampleTests.xctest; sourceTree = BUILT_PRODUCTS_DIR; };
		A6B6C02418E4E5F400DE8045 /* XCTest.framework */ = {isa = PBXFileReference; lastKnownFileType = wrapper.framework; name = XCTest.framework; path = Library/Frameworks/XCTest.framework; sourceTree = DEVELOPER_DIR; };
		A6B6C02C18E4E5F400DE8045 /* TwoStateButtonExampleTests-Info.plist */ = {isa = PBXFileReference; lastKnownFileType = text.plist.xml; path = "TwoStateButtonExampleTests-Info.plist"; sourceTree = "<group>"; };
		A6B6C02E18E4E5F400DE8045 /* en */ = {isa = PBXFileReference; lastKnownFileType = text.plist.strings; name = en; path = en.lproj/InfoPlist.strings; sourceTree = "<group>"; };
		A6B6C03018E4E5F400DE8045 /* TwoStateButtonExampleTests.m */ = {isa = PBXFileReference; lastKnownFileType = sourcecode.c.objc; path = TwoStateButtonExampleTests.m; sourceTree = "<group>"; };
		BD51A55B2D524DCD86FB2F7F /* Pods-TwoStateButtonExample.xcconfig */ = {isa = PBXFileReference; includeInIndex = 1; lastKnownFileType = text.xcconfig; name = "Pods-TwoStateButtonExample.xcconfig"; path = "../Pods/Pods-TwoStateButtonExample.xcconfig"; sourceTree = "<group>"; };
/* End PBXFileReference section */

/* Begin PBXFrameworksBuildPhase section */
		A6B6BFFC18E4E5F300DE8045 /* Frameworks */ = {
			isa = PBXFrameworksBuildPhase;
			buildActionMask = 2147483647;
			files = (
				A6B6C00518E4E5F300DE8045 /* CoreGraphics.framework in Frameworks */,
				A6B6C00718E4E5F300DE8045 /* UIKit.framework in Frameworks */,
				A6B6C00318E4E5F300DE8045 /* Foundation.framework in Frameworks */,
				9045B0E981694AD992BC0D8B /* libPods-TwoStateButtonExample.a in Frameworks */,
			);
			runOnlyForDeploymentPostprocessing = 0;
		};
		A6B6C02018E4E5F400DE8045 /* Frameworks */ = {
			isa = PBXFrameworksBuildPhase;
			buildActionMask = 2147483647;
			files = (
				A6B6C02518E4E5F400DE8045 /* XCTest.framework in Frameworks */,
				A6B6C02718E4E5F400DE8045 /* UIKit.framework in Frameworks */,
				A6B6C02618E4E5F400DE8045 /* Foundation.framework in Frameworks */,
			);
			runOnlyForDeploymentPostprocessing = 0;
		};
/* End PBXFrameworksBuildPhase section */

/* Begin PBXGroup section */
		A6B6BFF618E4E5F300DE8045 = {
			isa = PBXGroup;
			children = (
				A6B6C00818E4E5F300DE8045 /* TwoStateButtonExample */,
				A6B6C02A18E4E5F400DE8045 /* TwoStateButtonExampleTests */,
				A6B6C00118E4E5F300DE8045 /* Frameworks */,
				A6B6C00018E4E5F300DE8045 /* Products */,
				BD51A55B2D524DCD86FB2F7F /* Pods-TwoStateButtonExample.xcconfig */,
			);
			sourceTree = "<group>";
		};
		A6B6C00018E4E5F300DE8045 /* Products */ = {
			isa = PBXGroup;
			children = (
				A6B6BFFF18E4E5F300DE8045 /* TwoStateButtonExample.app */,
				A6B6C02318E4E5F400DE8045 /* TwoStateButtonExampleTests.xctest */,
			);
			name = Products;
			sourceTree = "<group>";
		};
		A6B6C00118E4E5F300DE8045 /* Frameworks */ = {
			isa = PBXGroup;
			children = (
				A6B6C00218E4E5F300DE8045 /* Foundation.framework */,
				A6B6C00418E4E5F300DE8045 /* CoreGraphics.framework */,
				A6B6C00618E4E5F300DE8045 /* UIKit.framework */,
				A6B6C02418E4E5F400DE8045 /* XCTest.framework */,
				4C024EA258DF4618AF10B7CC /* libPods-TwoStateButtonExample.a */,
			);
			name = Frameworks;
			sourceTree = "<group>";
		};
		A6B6C00818E4E5F300DE8045 /* TwoStateButtonExample */ = {
			isa = PBXGroup;
			children = (
				A6B6C01118E4E5F300DE8045 /* AppDelegate.h */,
				A6B6C01218E4E5F300DE8045 /* AppDelegate.m */,
				A6B6C01418E4E5F400DE8045 /* Main_iPhone.storyboard */,
				A6B6C01718E4E5F400DE8045 /* Main_iPad.storyboard */,
				A6B6C01A18E4E5F400DE8045 /* ViewController.h */,
				A6B6C01B18E4E5F400DE8045 /* ViewController.m */,
				A6B6C01D18E4E5F400DE8045 /* Images.xcassets */,
				A6B6C00918E4E5F300DE8045 /* Supporting Files */,
			);
			path = TwoStateButtonExample;
			sourceTree = "<group>";
		};
		A6B6C00918E4E5F300DE8045 /* Supporting Files */ = {
			isa = PBXGroup;
			children = (
				A6B6C00A18E4E5F300DE8045 /* TwoStateButtonExample-Info.plist */,
				A6B6C00B18E4E5F300DE8045 /* InfoPlist.strings */,
				A6B6C00E18E4E5F300DE8045 /* main.m */,
				A6B6C01018E4E5F300DE8045 /* TwoStateButtonExample-Prefix.pch */,
			);
			name = "Supporting Files";
			sourceTree = "<group>";
		};
		A6B6C02A18E4E5F400DE8045 /* TwoStateButtonExampleTests */ = {
			isa = PBXGroup;
			children = (
				A6B6C03018E4E5F400DE8045 /* TwoStateButtonExampleTests.m */,
				A6B6C02B18E4E5F400DE8045 /* Supporting Files */,
			);
			path = TwoStateButtonExampleTests;
			sourceTree = "<group>";
		};
		A6B6C02B18E4E5F400DE8045 /* Supporting Files */ = {
			isa = PBXGroup;
			children = (
				A6B6C02C18E4E5F400DE8045 /* TwoStateButtonExampleTests-Info.plist */,
				A6B6C02D18E4E5F400DE8045 /* InfoPlist.strings */,
			);
			name = "Supporting Files";
			sourceTree = "<group>";
		};
/* End PBXGroup section */

/* Begin PBXNativeTarget section */
		A6B6BFFE18E4E5F300DE8045 /* TwoStateButtonExample */ = {
			isa = PBXNativeTarget;
			buildConfigurationList = A6B6C03418E4E5F400DE8045 /* Build configuration list for PBXNativeTarget "TwoStateButtonExample" */;
			buildPhases = (
				9789E8D0103249019AECB9A8 /* Check Pods Manifest.lock */,
				A6B6BFFB18E4E5F300DE8045 /* Sources */,
				A6B6BFFC18E4E5F300DE8045 /* Frameworks */,
				A6B6BFFD18E4E5F300DE8045 /* Resources */,
				E7ED77B45C6E423FBD21151B /* Copy Pods Resources */,
			);
			buildRules = (
			);
			dependencies = (
			);
			name = TwoStateButtonExample;
			productName = TwoStateButtonExample;
			productReference = A6B6BFFF18E4E5F300DE8045 /* TwoStateButtonExample.app */;
			productType = "com.apple.product-type.application";
		};
		A6B6C02218E4E5F400DE8045 /* TwoStateButtonExampleTests */ = {
			isa = PBXNativeTarget;
			buildConfigurationList = A6B6C03718E4E5F400DE8045 /* Build configuration list for PBXNativeTarget "TwoStateButtonExampleTests" */;
			buildPhases = (
				A6B6C01F18E4E5F400DE8045 /* Sources */,
				A6B6C02018E4E5F400DE8045 /* Frameworks */,
				A6B6C02118E4E5F400DE8045 /* Resources */,
			);
			buildRules = (
			);
			dependencies = (
				A6B6C02918E4E5F400DE8045 /* PBXTargetDependency */,
			);
			name = TwoStateButtonExampleTests;
			productName = TwoStateButtonExampleTests;
			productReference = A6B6C02318E4E5F400DE8045 /* TwoStateButtonExampleTests.xctest */;
			productType = "com.apple.product-type.bundle.unit-test";
		};
/* End PBXNativeTarget section */

/* Begin PBXProject section */
		A6B6BFF718E4E5F300DE8045 /* Project object */ = {
			isa = PBXProject;
			attributes = {
				LastUpgradeCheck = 0510;
				ORGANIZATIONNAME = "Agus Soedibjo";
				TargetAttributes = {
					A6B6C02218E4E5F400DE8045 = {
						TestTargetID = A6B6BFFE18E4E5F300DE8045;
					};
				};
			};
			buildConfigurationList = A6B6BFFA18E4E5F300DE8045 /* Build configuration list for PBXProject "TwoStateButtonExample" */;
			compatibilityVersion = "Xcode 3.2";
			developmentRegion = English;
			hasScannedForEncodings = 0;
			knownRegions = (
				en,
				Base,
			);
			mainGroup = A6B6BFF618E4E5F300DE8045;
			productRefGroup = A6B6C00018E4E5F300DE8045 /* Products */;
			projectDirPath = "";
			projectRoot = "";
			targets = (
				A6B6BFFE18E4E5F300DE8045 /* TwoStateButtonExample */,
				A6B6C02218E4E5F400DE8045 /* TwoStateButtonExampleTests */,
			);
		};
/* End PBXProject section */

/* Begin PBXResourcesBuildPhase section */
		A6B6BFFD18E4E5F300DE8045 /* Resources */ = {
			isa = PBXResourcesBuildPhase;
			buildActionMask = 2147483647;
			files = (
				A6B6C01918E4E5F400DE8045 /* Main_iPad.storyboard in Resources */,
				A6B6C01E18E4E5F400DE8045 /* Images.xcassets in Resources */,
				A6B6C01618E4E5F400DE8045 /* Main_iPhone.storyboard in Resources */,
				A6B6C00D18E4E5F300DE8045 /* InfoPlist.strings in Resources */,
			);
			runOnlyForDeploymentPostprocessing = 0;
		};
		A6B6C02118E4E5F400DE8045 /* Resources */ = {
			isa = PBXResourcesBuildPhase;
			buildActionMask = 2147483647;
			files = (
				A6B6C02F18E4E5F400DE8045 /* InfoPlist.strings in Resources */,
			);
			runOnlyForDeploymentPostprocessing = 0;
		};
/* End PBXResourcesBuildPhase section */

/* Begin PBXShellScriptBuildPhase section */
		9789E8D0103249019AECB9A8 /* Check Pods Manifest.lock */ = {
			isa = PBXShellScriptBuildPhase;
			buildActionMask = 2147483647;
			files = (
			);
			inputPaths = (
			);
			name = "Check Pods Manifest.lock";
			outputPaths = (
			);
			runOnlyForDeploymentPostprocessing = 0;
			shellPath = /bin/sh;
			shellScript = "diff \"${PODS_ROOT}/../Podfile.lock\" \"${PODS_ROOT}/Manifest.lock\" > /dev/null\nif [[ $? != 0 ]] ; then\n    cat << EOM\nerror: The sandbox is not in sync with the Podfile.lock. Run 'pod install' or update your CocoaPods installation.\nEOM\n    exit 1\nfi\n";
			showEnvVarsInLog = 0;
		};
		E7ED77B45C6E423FBD21151B /* Copy Pods Resources */ = {
			isa = PBXShellScriptBuildPhase;
			buildActionMask = 2147483647;
			files = (
			);
			inputPaths = (
			);
			name = "Copy Pods Resources";
			outputPaths = (
			);
			runOnlyForDeploymentPostprocessing = 0;
			shellPath = /bin/sh;
			shellScript = "\"${SRCROOT}/../Pods/Pods-TwoStateButtonExample-resources.sh\"\n";
			showEnvVarsInLog = 0;
		};
/* End PBXShellScriptBuildPhase section */

/* Begin PBXSourcesBuildPhase section */
		A6B6BFFB18E4E5F300DE8045 /* Sources */ = {
			isa = PBXSourcesBuildPhase;
			buildActionMask = 2147483647;
			files = (
				A6B6C01C18E4E5F400DE8045 /* ViewController.m in Sources */,
				A6B6C01318E4E5F300DE8045 /* AppDelegate.m in Sources */,
				A6B6C00F18E4E5F300DE8045 /* main.m in Sources */,
			);
			runOnlyForDeploymentPostprocessing = 0;
		};
		A6B6C01F18E4E5F400DE8045 /* Sources */ = {
			isa = PBXSourcesBuildPhase;
			buildActionMask = 2147483647;
			files = (
				A6B6C03118E4E5F400DE8045 /* TwoStateButtonExampleTests.m in Sources */,
			);
			runOnlyForDeploymentPostprocessing = 0;
		};
/* End PBXSourcesBuildPhase section */

/* Begin PBXTargetDependency section */
		A6B6C02918E4E5F400DE8045 /* PBXTargetDependency */ = {
			isa = PBXTargetDependency;
			target = A6B6BFFE18E4E5F300DE8045 /* TwoStateButtonExample */;
			targetProxy = A6B6C02818E4E5F400DE8045 /* PBXContainerItemProxy */;
		};
/* End PBXTargetDependency section */

/* Begin PBXVariantGroup section */
		A6B6C00B18E4E5F300DE8045 /* InfoPlist.strings */ = {
			isa = PBXVariantGroup;
			children = (
				A6B6C00C18E4E5F300DE8045 /* en */,
			);
			name = InfoPlist.strings;
			sourceTree = "<group>";
		};
		A6B6C01418E4E5F400DE8045 /* Main_iPhone.storyboard */ = {
			isa = PBXVariantGroup;
			children = (
				A6B6C01518E4E5F400DE8045 /* Base */,
			);
			name = Main_iPhone.storyboard;
			sourceTree = "<group>";
		};
		A6B6C01718E4E5F400DE8045 /* Main_iPad.storyboard */ = {
			isa = PBXVariantGroup;
			children = (
				A6B6C01818E4E5F400DE8045 /* Base */,
			);
			name = Main_iPad.storyboard;
			sourceTree = "<group>";
		};
		A6B6C02D18E4E5F400DE8045 /* InfoPlist.strings */ = {
			isa = PBXVariantGroup;
			children = (
				A6B6C02E18E4E5F400DE8045 /* en */,
			);
			name = InfoPlist.strings;
			sourceTree = "<group>";
		};
/* End PBXVariantGroup section */

/* Begin XCBuildConfiguration section */
		A6B6C03218E4E5F400DE8045 /* Debug */ = {
			isa = XCBuildConfiguration;
			buildSettings = {
				ALWAYS_SEARCH_USER_PATHS = NO;
				CLANG_CXX_LANGUAGE_STANDARD = "gnu++0x";
				CLANG_CXX_LIBRARY = "libc++";
				CLANG_ENABLE_MODULES = YES;
				CLANG_ENABLE_OBJC_ARC = YES;
				CLANG_WARN_BOOL_CONVERSION = YES;
				CLANG_WARN_CONSTANT_CONVERSION = YES;
				CLANG_WARN_DIRECT_OBJC_ISA_USAGE = YES_ERROR;
				CLANG_WARN_EMPTY_BODY = YES;
				CLANG_WARN_ENUM_CONVERSION = YES;
				CLANG_WARN_INT_CONVERSION = YES;
				CLANG_WARN_OBJC_ROOT_CLASS = YES_ERROR;
				CLANG_WARN__DUPLICATE_METHOD_MATCH = YES;
				"CODE_SIGN_IDENTITY[sdk=iphoneos*]" = "iPhone Developer";
				COPY_PHASE_STRIP = NO;
				GCC_C_LANGUAGE_STANDARD = gnu99;
				GCC_DYNAMIC_NO_PIC = NO;
				GCC_OPTIMIZATION_LEVEL = 0;
				GCC_PREPROCESSOR_DEFINITIONS = (
					"DEBUG=1",
					"$(inherited)",
				);
				GCC_SYMBOLS_PRIVATE_EXTERN = NO;
				GCC_WARN_64_TO_32_BIT_CONVERSION = YES;
				GCC_WARN_ABOUT_RETURN_TYPE = YES_ERROR;
				GCC_WARN_UNDECLARED_SELECTOR = YES;
				GCC_WARN_UNINITIALIZED_AUTOS = YES_AGGRESSIVE;
				GCC_WARN_UNUSED_FUNCTION = YES;
				GCC_WARN_UNUSED_VARIABLE = YES;
				IPHONEOS_DEPLOYMENT_TARGET = 7.0;
				ONLY_ACTIVE_ARCH = YES;
				SDKROOT = iphoneos;
				TARGETED_DEVICE_FAMILY = "1,2";
			};
			name = Debug;
		};
		A6B6C03318E4E5F400DE8045 /* Release */ = {
			isa = XCBuildConfiguration;
			buildSettings = {
				ALWAYS_SEARCH_USER_PATHS = NO;
				CLANG_CXX_LANGUAGE_STANDARD = "gnu++0x";
				CLANG_CXX_LIBRARY = "libc++";
				CLANG_ENABLE_MODULES = YES;
				CLANG_ENABLE_OBJC_ARC = YES;
				CLANG_WARN_BOOL_CONVERSION = YES;
				CLANG_WARN_CONSTANT_CONVERSION = YES;
				CLANG_WARN_DIRECT_OBJC_ISA_USAGE = YES_ERROR;
				CLANG_WARN_EMPTY_BODY = YES;
				CLANG_WARN_ENUM_CONVERSION = YES;
				CLANG_WARN_INT_CONVERSION = YES;
				CLANG_WARN_OBJC_ROOT_CLASS = YES_ERROR;
				CLANG_WARN__DUPLICATE_METHOD_MATCH = YES;
				"CODE_SIGN_IDENTITY[sdk=iphoneos*]" = "iPhone Developer";
				COPY_PHASE_STRIP = YES;
				ENABLE_NS_ASSERTIONS = NO;
				GCC_C_LANGUAGE_STANDARD = gnu99;
				GCC_WARN_64_TO_32_BIT_CONVERSION = YES;
				GCC_WARN_ABOUT_RETURN_TYPE = YES_ERROR;
				GCC_WARN_UNDECLARED_SELECTOR = YES;
				GCC_WARN_UNINITIALIZED_AUTOS = YES_AGGRESSIVE;
				GCC_WARN_UNUSED_FUNCTION = YES;
				GCC_WARN_UNUSED_VARIABLE = YES;
				IPHONEOS_DEPLOYMENT_TARGET = 7.0;
				SDKROOT = iphoneos;
				TARGETED_DEVICE_FAMILY = "1,2";
				VALIDATE_PRODUCT = YES;
			};
			name = Release;
		};
		A6B6C03518E4E5F400DE8045 /* Debug */ = {
			isa = XCBuildConfiguration;
			baseConfigurationReference = BD51A55B2D524DCD86FB2F7F /* Pods-TwoStateButtonExample.xcconfig */;
			buildSettings = {
				ASSETCATALOG_COMPILER_APPICON_NAME = AppIcon;
				ASSETCATALOG_COMPILER_LAUNCHIMAGE_NAME = LaunchImage;
				GCC_PRECOMPILE_PREFIX_HEADER = YES;
				GCC_PREFIX_HEADER = "TwoStateButtonExample/TwoStateButtonExample-Prefix.pch";
				INFOPLIST_FILE = "TwoStateButtonExample/TwoStateButtonExample-Info.plist";
				PRODUCT_NAME = "$(TARGET_NAME)";
				WRAPPER_EXTENSION = app;
			};
			name = Debug;
		};
		A6B6C03618E4E5F400DE8045 /* Release */ = {
			isa = XCBuildConfiguration;
			baseConfigurationReference = BD51A55B2D524DCD86FB2F7F /* Pods-TwoStateButtonExample.xcconfig */;
			buildSettings = {
				ASSETCATALOG_COMPILER_APPICON_NAME = AppIcon;
				ASSETCATALOG_COMPILER_LAUNCHIMAGE_NAME = LaunchImage;
				GCC_PRECOMPILE_PREFIX_HEADER = YES;
				GCC_PREFIX_HEADER = "TwoStateButtonExample/TwoStateButtonExample-Prefix.pch";
				INFOPLIST_FILE = "TwoStateButtonExample/TwoStateButtonExample-Info.plist";
				PRODUCT_NAME = "$(TARGET_NAME)";
				WRAPPER_EXTENSION = app;
			};
			name = Release;
		};
		A6B6C03818E4E5F400DE8045 /* Debug */ = {
			isa = XCBuildConfiguration;
			buildSettings = {
				BUNDLE_LOADER = "$(BUILT_PRODUCTS_DIR)/TwoStateButtonExample.app/TwoStateButtonExample";
				FRAMEWORK_SEARCH_PATHS = (
					"$(SDKROOT)/Developer/Library/Frameworks",
					"$(inherited)",
					"$(DEVELOPER_FRAMEWORKS_DIR)",
				);
				GCC_PRECOMPILE_PREFIX_HEADER = YES;
				GCC_PREFIX_HEADER = "TwoStateButtonExample/TwoStateButtonExample-Prefix.pch";
				GCC_PREPROCESSOR_DEFINITIONS = (
					"DEBUG=1",
					"$(inherited)",
				);
				INFOPLIST_FILE = "TwoStateButtonExampleTests/TwoStateButtonExampleTests-Info.plist";
				PRODUCT_NAME = "$(TARGET_NAME)";
				TEST_HOST = "$(BUNDLE_LOADER)";
				WRAPPER_EXTENSION = xctest;
			};
			name = Debug;
		};
		A6B6C03918E4E5F400DE8045 /* Release */ = {
			isa = XCBuildConfiguration;
			buildSettings = {
				BUNDLE_LOADER = "$(BUILT_PRODUCTS_DIR)/TwoStateButtonExample.app/TwoStateButtonExample";
				FRAMEWORK_SEARCH_PATHS = (
					"$(SDKROOT)/Developer/Library/Frameworks",
					"$(inherited)",
					"$(DEVELOPER_FRAMEWORKS_DIR)",
				);
				GCC_PRECOMPILE_PREFIX_HEADER = YES;
				GCC_PREFIX_HEADER = "TwoStateButtonExample/TwoStateButtonExample-Prefix.pch";
				INFOPLIST_FILE = "TwoStateButtonExampleTests/TwoStateButtonExampleTests-Info.plist";
				PRODUCT_NAME = "$(TARGET_NAME)";
				TEST_HOST = "$(BUNDLE_LOADER)";
				WRAPPER_EXTENSION = xctest;
			};
			name = Release;
		};
/* End XCBuildConfiguration section */

/* Begin XCConfigurationList section */
		A6B6BFFA18E4E5F300DE8045 /* Build configuration list for PBXProject "TwoStateButtonExample" */ = {
			isa = XCConfigurationList;
			buildConfigurations = (
				A6B6C03218E4E5F400DE8045 /* Debug */,
				A6B6C03318E4E5F400DE8045 /* Release */,
			);
			defaultConfigurationIsVisible = 0;
			defaultConfigurationName = Release;
		};
		A6B6C03418E4E5F400DE8045 /* Build configuration list for PBXNativeTarget "TwoStateButtonExample" */ = {
			isa = XCConfigurationList;
			buildConfigurations = (
				A6B6C03518E4E5F400DE8045 /* Debug */,
				A6B6C03618E4E5F400DE8045 /* Release */,
			);
			defaultConfigurationIsVisible = 0;
			defaultConfigurationName = Release;
		};
		A6B6C03718E4E5F400DE8045 /* Build configuration list for PBXNativeTarget "TwoStateButtonExampleTests" */ = {
			isa = XCConfigurationList;
			buildConfigurations = (
				A6B6C03818E4E5F400DE8045 /* Debug */,
				A6B6C03918E4E5F400DE8045 /* Release */,
			);
			defaultConfigurationIsVisible = 0;
			defaultConfigurationName = Release;
		};
/* End XCConfigurationList section */
	};
	rootObject = A6B6BFF718E4E5F300DE8045 /* Project object */;
}
